
Microsoft Visual Studio Solution File, Format Version 12.00
# Visual Studio Version 16
VisualStudioVersion = 16.0.29021.104
MinimumVisualStudioVersion = 10.0.40219.1
Project("{9A19103F-16F7-4668-BE54-9A1E7A4F7556}") = "Prognos.Engine", "Prognos.Engine\Prognos.Engine.csproj", "{F8FE5276-FFBE-479B-B1D9-9FE7727235E4}"
EndProject
Project("{FAE04EC0-301F-11D3-BF4B-00C04F79EFBC}") = "Prognos.Web", "Prognos.Web\Prognos.Web.csproj", "{870F63DA-E244-45D6-8A48-E25FAECC751F}"
EndProject
Project("{FAE04EC0-301F-11D3-BF4B-00C04F79EFBC}") = "Prognos.Core", "Prognos.Core\Prognos.Core.csproj", "{5CF4BB0F-324A-430F-895D-DBD14ECD7AD5}"
EndProject
Global
	GlobalSection(SolutionConfigurationPlatforms) = preSolution
		Debug|Any CPU = Debug|Any CPU
		Release|Any CPU = Release|Any CPU
	EndGlobalSection
	GlobalSection(ProjectConfigurationPlatforms) = postSolution
		{F8FE5276-FFBE-479B-B1D9-9FE7727235E4}.Debug|Any CPU.ActiveCfg = Debug|Any CPU
		{F8FE5276-FFBE-479B-B1D9-9FE7727235E4}.Debug|Any CPU.Build.0 = Debug|Any CPU
		{F8FE5276-FFBE-479B-B1D9-9FE7727235E4}.Release|Any CPU.ActiveCfg = Release|Any CPU
		{F8FE5276-FFBE-479B-B1D9-9FE7727235E4}.Release|Any CPU.Build.0 = Release|Any CPU
		{870F63DA-E244-45D6-8A48-E25FAECC751F}.Debug|Any CPU.ActiveCfg = Debug|Any CPU
		{870F63DA-E244-45D6-8A48-E25FAECC751F}.Debug|Any CPU.Build.0 = Debug|Any CPU
		{870F63DA-E244-45D6-8A48-E25FAECC751F}.Release|Any CPU.ActiveCfg = Release|Any CPU
		{870F63DA-E244-45D6-8A48-E25FAECC751F}.Release|Any CPU.Build.0 = Release|Any CPU
		{5CF4BB0F-324A-430F-895D-DBD14ECD7AD5}.Debug|Any CPU.ActiveCfg = Debug|Any CPU
		{5CF4BB0F-324A-430F-895D-DBD14ECD7AD5}.Debug|Any CPU.Build.0 = Debug|Any CPU
		{5CF4BB0F-324A-430F-895D-DBD14ECD7AD5}.Release|Any CPU.ActiveCfg = Release|Any CPU
		{5CF4BB0F-324A-430F-895D-DBD14ECD7AD5}.Release|Any CPU.Build.0 = Release|Any CPU
	EndGlobalSection
	GlobalSection(SolutionProperties) = preSolution
		HideSolutionNode = FALSE
	EndGlobalSection
	GlobalSection(ExtensibilityGlobals) = postSolution
		SolutionGuid = {F161FAAA-32B4-4A17-904E-7D4FCEC70773}
	EndGlobalSection
EndGlobal
